
Microsoft Visual Studio Solution File, Format Version 12.00
# Visual Studio 15
VisualStudioVersion = 15.0.27004.2002
MinimumVisualStudioVersion = 10.0.40219.1
Project("{FAE04EC0-301F-11D3-BF4B-00C04F79EFBC}") = "SiteUnpaper", "SiteUnpaper\SiteUnpaper.csproj", "{878C105E-AD5B-436E-B0F5-7738FC7AA82E}"
EndProject
Global
	GlobalSection(SolutionConfigurationPlatforms) = preSolution
		Debug|Any CPU = Debug|Any CPU
		Release|Any CPU = Release|Any CPU
	EndGlobalSection
	GlobalSection(ProjectConfigurationPlatforms) = postSolution
		{878C105E-AD5B-436E-B0F5-7738FC7AA82E}.Debug|Any CPU.ActiveCfg = Debug|Any CPU
		{878C105E-AD5B-436E-B0F5-7738FC7AA82E}.Debug|Any CPU.Build.0 = Debug|Any CPU
		{878C105E-AD5B-436E-B0F5-7738FC7AA82E}.Release|Any CPU.ActiveCfg = Release|Any CPU
		{878C105E-AD5B-436E-B0F5-7738FC7AA82E}.Release|Any CPU.Build.0 = Release|Any CPU
	EndGlobalSection
	GlobalSection(SolutionProperties) = preSolution
		HideSolutionNode = FALSE
	EndGlobalSection
	GlobalSection(ExtensibilityGlobals) = postSolution
		SolutionGuid = {A9F35687-E9F2-446C-BD2E-C7E2211E4D67}
	EndGlobalSection
EndGlobal
